# This file is automatically @generated by Cargo.
# It is not intended for manual editing.
version = 4

[[package]]
name = "command"
version = "0.0.0"
source = "registry+https://github.com/rust-lang/crates.io-index"
checksum = "21332b6e55458a6035ff2e561560993cbd945fdc8c9a6ca03c541fb04f31c57b"

[[package]]
name = "libc"
version = "0.2.180"
source = "registry+https://github.com/rust-lang/crates.io-index"
checksum = "bcc35a38544a891a5f7c865aca548a982ccb3b8650a5b06d0fd33a10283c56fc"

[[package]]
name = "nfq"
version = "0.2.5"
source = "registry+https://github.com/rust-lang/crates.io-index"
checksum = "b9c8f4c88952507d9df9400a6a2e48640fb460e21dcb2b4716eb3ff156d6db9e"
dependencies = [
 "libc",
]

[[package]]
name = "packet_counter"
version = "0.1.0"
dependencies = [
 "command",
 "nfq",
]
